
Microsoft Visual Studio Solution File, Format Version 12.00
# Visual Studio Version 16
VisualStudioVersion = 16.0.30804.86
MinimumVisualStudioVersion = 10.0.40219.1
Project("{FAE04EC0-301F-11D3-BF4B-00C04F79EFBC}") = "Макет", "Макет.csproj", "{1CF70749-5CE6-4779-97D7-4BF11A970CF6}"
EndProject
Global
	GlobalSection(SolutionConfigurationPlatforms) = preSolution
		Debug|Any CPU = Debug|Any CPU
		Release|Any CPU = Release|Any CPU
	EndGlobalSection
	GlobalSection(ProjectConfigurationPlatforms) = postSolution
		{1CF70749-5CE6-4779-97D7-4BF11A970CF6}.Debug|Any CPU.ActiveCfg = Debug|Any CPU
		{1CF70749-5CE6-4779-97D7-4BF11A970CF6}.Debug|Any CPU.Build.0 = Debug|Any CPU
		{1CF70749-5CE6-4779-97D7-4BF11A970CF6}.Release|Any CPU.ActiveCfg = Release|Any CPU
		{1CF70749-5CE6-4779-97D7-4BF11A970CF6}.Release|Any CPU.Build.0 = Release|Any CPU
	EndGlobalSection
	GlobalSection(SolutionProperties) = preSolution
		HideSolutionNode = FALSE
	EndGlobalSection
	GlobalSection(ExtensibilityGlobals) = postSolution
		SolutionGuid = {C8CF7A5D-5066-4147-B721-D4E9645250D2}
	EndGlobalSection
EndGlobal
